
Microsoft Visual Studio Solution File, Format Version 12.00
# Visual Studio Version 17
VisualStudioVersion = 17.0.31903.59
MinimumVisualStudioVersion = 10.0.40219.1
Project("{2150E333-8FDC-42A3-9474-1A3956D46DE8}") = "src", "src", "{811A4718-D641-4675-A737-6E7B08C9B381}"
EndProject
Project("{FAE04EC0-301F-11D3-BF4B-00C04F79EFBC}") = "YtDlpTool.Domain", "src\YtDlpTool.Domain\YtDlpTool.Domain.csproj", "{E1A77AD9-6A6F-425B-8F88-D39A722374D4}"
EndProject
Project("{FAE04EC0-301F-11D3-BF4B-00C04F79EFBC}") = "YtDlpTool.Process", "src\YtDlpTool.Process\YtDlpTool.Process.csproj", "{6635ABEB-8674-4697-93DA-EAE59D4ACA52}"
EndProject
Project("{FAE04EC0-301F-11D3-BF4B-00C04F79EFBC}") = "YtDlpTool", "src\YtDlpTool\YtDlpTool.csproj", "{1153CEAE-DA07-445C-9AC2-DE3BDEE8B77C}"
EndProject
Project("{2150E333-8FDC-42A3-9474-1A3956D46DE8}") = "tests", "tests", "{11F7F85F-487A-492E-9A86-1C07D9A81806}"
EndProject
Project("{FAE04EC0-301F-11D3-BF4B-00C04F79EFBC}") = "YtDlpTool.Domain.Tests", "tests\YtDlpTool.Domain.Tests\YtDlpTool.Domain.Tests.csproj", "{BD0EE01D-172F-4905-9915-17AB20E7703B}"
EndProject
Project("{FAE04EC0-301F-11D3-BF4B-00C04F79EFBC}") = "YtDlpTool.Process.Tests", "tests\YtDlpTool.Process.Tests\YtDlpTool.Process.Tests.csproj", "{82B27EC1-D9DB-46C9-82E9-5B8DE949C75C}"
EndProject
Global
	GlobalSection(SolutionConfigurationPlatforms) = preSolution
		Debug|Any CPU = Debug|Any CPU
		Release|Any CPU = Release|Any CPU
	EndGlobalSection
	GlobalSection(SolutionProperties) = preSolution
		HideSolutionNode = FALSE
	EndGlobalSection
	GlobalSection(ProjectConfigurationPlatforms) = postSolution
		{E1A77AD9-6A6F-425B-8F88-D39A722374D4}.Debug|Any CPU.ActiveCfg = Debug|Any CPU
		{E1A77AD9-6A6F-425B-8F88-D39A722374D4}.Debug|Any CPU.Build.0 = Debug|Any CPU
		{E1A77AD9-6A6F-425B-8F88-D39A722374D4}.Release|Any CPU.ActiveCfg = Release|Any CPU
		{E1A77AD9-6A6F-425B-8F88-D39A722374D4}.Release|Any CPU.Build.0 = Release|Any CPU
		{6635ABEB-8674-4697-93DA-EAE59D4ACA52}.Debug|Any CPU.ActiveCfg = Debug|Any CPU
		{6635ABEB-8674-4697-93DA-EAE59D4ACA52}.Debug|Any CPU.Build.0 = Debug|Any CPU
		{6635ABEB-8674-4697-93DA-EAE59D4ACA52}.Release|Any CPU.ActiveCfg = Release|Any CPU
		{6635ABEB-8674-4697-93DA-EAE59D4ACA52}.Release|Any CPU.Build.0 = Release|Any CPU
		{1153CEAE-DA07-445C-9AC2-DE3BDEE8B77C}.Debug|Any CPU.ActiveCfg = Debug|Any CPU
		{1153CEAE-DA07-445C-9AC2-DE3BDEE8B77C}.Debug|Any CPU.Build.0 = Debug|Any CPU
		{1153CEAE-DA07-445C-9AC2-DE3BDEE8B77C}.Release|Any CPU.ActiveCfg = Release|Any CPU
		{1153CEAE-DA07-445C-9AC2-DE3BDEE8B77C}.Release|Any CPU.Build.0 = Release|Any CPU
		{BD0EE01D-172F-4905-9915-17AB20E7703B}.Debug|Any CPU.ActiveCfg = Debug|Any CPU
		{BD0EE01D-172F-4905-9915-17AB20E7703B}.Debug|Any CPU.Build.0 = Debug|Any CPU
		{BD0EE01D-172F-4905-9915-17AB20E7703B}.Release|Any CPU.ActiveCfg = Release|Any CPU
		{BD0EE01D-172F-4905-9915-17AB20E7703B}.Release|Any CPU.Build.0 = Release|Any CPU
		{82B27EC1-D9DB-46C9-82E9-5B8DE949C75C}.Debug|Any CPU.ActiveCfg = Debug|Any CPU
		{82B27EC1-D9DB-46C9-82E9-5B8DE949C75C}.Debug|Any CPU.Build.0 = Debug|Any CPU
		{82B27EC1-D9DB-46C9-82E9-5B8DE949C75C}.Release|Any CPU.ActiveCfg = Release|Any CPU
		{82B27EC1-D9DB-46C9-82E9-5B8DE949C75C}.Release|Any CPU.Build.0 = Release|Any CPU
	EndGlobalSection
	GlobalSection(NestedProjects) = preSolution
		{E1A77AD9-6A6F-425B-8F88-D39A722374D4} = {811A4718-D641-4675-A737-6E7B08C9B381}
		{6635ABEB-8674-4697-93DA-EAE59D4ACA52} = {811A4718-D641-4675-A737-6E7B08C9B381}
		{1153CEAE-DA07-445C-9AC2-DE3BDEE8B77C} = {811A4718-D641-4675-A737-6E7B08C9B381}
		{BD0EE01D-172F-4905-9915-17AB20E7703B} = {11F7F85F-487A-492E-9A86-1C07D9A81806}
		{82B27EC1-D9DB-46C9-82E9-5B8DE949C75C} = {11F7F85F-487A-492E-9A86-1C07D9A81806}
	EndGlobalSection
EndGlobal
