{
  "version": 1,
  "dependencies": {
    "net8.0-windows10.0.19041": {
      "Microsoft.NET.ILLink.Tasks": {
        "type": "Direct",
        "requested": "[8.0.27, )",
        "resolved": "8.0.27",
        "contentHash": "rQi9TxifHRnXP7lVRZH05DxD2/XGbJp12q0ozcbrlBlBnyyzssFTH/2vLhtKWUp2CT1qVscTrcYTFiwTyKPKRg=="
      },
      "ytdlptool.domain": {
        "type": "Project"
      },
      "ytdlptool.process": {
        "type": "Project",
        "dependencies": {
          "YtDlpTool.Domain": "[1.0.0, )"
        }
      }
    },
    "net8.0-windows10.0.19041/win-x64": {}
  }
}